# This file is automatically @generated by Cargo.
# It is not intended for manual editing.
version = 4

[[package]]
name = "bitflags"
version = "2.13.1"
source = "registry+https://github.com/rust-lang/crates.io-index"
checksum = "b588b76d00fde79687d7646a9b5bdf3cc0f655e0bbd080335a95d7e96f3587da"

[[package]]
name = "lz4_flex"
version = "0.14.0"
source = "registry+https://github.com/rust-lang/crates.io-index"
checksum = "ecbdfe44b1bd960b68170b417450a628c43f7cf56bb3c5317e61cb230ee7f226"

[[package]]
name = "lz4_world_u32"
version = "0.1.0"
dependencies = [
 "riscv-fixture-allocator",
 "riscv-fixture-kernel",
 "riscv-fixture-lz4",
]

[[package]]
name = "riscv-fixture-allocator"
version = "0.1.0"

[[package]]
name = "riscv-fixture-kernel"
version = "0.1.0"

[[package]]
name = "riscv-fixture-lz4"
version = "0.1.0"
dependencies = [
 "lz4_flex",
 "riscv-fixture-allocator",
 "riscv-fixture-kernel",
]

[[package]]
name = "riscv-fixture-wasm-parser"
version = "0.1.0"
dependencies = [
 "bitflags",
 "riscv-fixture-allocator",
 "riscv-fixture-kernel",
 "wasmparser",
]

[[package]]
name = "wasm_parse_self_u32"
version = "0.1.0"
dependencies = [
 "riscv-fixture-allocator",
 "riscv-fixture-kernel",
 "riscv-fixture-wasm-parser",
]

[[package]]
name = "wasmparser"
version = "0.244.0"
source = "registry+https://github.com/rust-lang/crates.io-index"
checksum = "47b807c72e1bac69382b3a6fb3dbe8ea4c0ed87ff5629b8685ae6b9a611028fe"
dependencies = [
 "bitflags",
]
